
Microsoft Visual Studio Solution File, Format Version 12.00
# Visual Studio Version 17
VisualStudioVersion = 17.7.34202.233
MinimumVisualStudioVersion = 10.0.40219.1
Project("{FAE04EC0-301F-11D3-BF4B-00C04F79EFBC}") = "Translate", "Translate.csproj", "{0EFB5F25-5C42-44D5-8F40-2BDB010696A7}"
EndProject
Global
	GlobalSection(SolutionConfigurationPlatforms) = preSolution
		Debug|Any CPU = Debug|Any CPU
		Release|Any CPU = Release|Any CPU
	EndGlobalSection
	GlobalSection(ProjectConfigurationPlatforms) = postSolution
		{0EFB5F25-5C42-44D5-8F40-2BDB010696A7}.Debug|Any CPU.ActiveCfg = Debug|Any CPU
		{0EFB5F25-5C42-44D5-8F40-2BDB010696A7}.Debug|Any CPU.Build.0 = Debug|Any CPU
		{0EFB5F25-5C42-44D5-8F40-2BDB010696A7}.Release|Any CPU.ActiveCfg = Release|Any CPU
		{0EFB5F25-5C42-44D5-8F40-2BDB010696A7}.Release|Any CPU.Build.0 = Release|Any CPU
	EndGlobalSection
	GlobalSection(SolutionProperties) = preSolution
		HideSolutionNode = FALSE
	EndGlobalSection
	GlobalSection(ExtensibilityGlobals) = postSolution
		SolutionGuid = {61F4A2FA-EE31-475E-93E8-BDDB7C309434}
	EndGlobalSection
EndGlobal
